
Microsoft Visual Studio Solution File, Format Version 12.00
# Visual Studio Version 17
VisualStudioVersion = 17.5.33424.131
MinimumVisualStudioVersion = 10.0.40219.1
Project("{FAE04EC0-301F-11D3-BF4B-00C04F79EFBC}") = "DownloadExcel.API", "DownloadExcel.API\DownloadExcel.API.csproj", "{30A2BFAC-AC45-4F80-A844-8E8A5CE19DD1}"
EndProject
Global
	GlobalSection(SolutionConfigurationPlatforms) = preSolution
		Debug|Any CPU = Debug|Any CPU
		Release|Any CPU = Release|Any CPU
	EndGlobalSection
	GlobalSection(ProjectConfigurationPlatforms) = postSolution
		{30A2BFAC-AC45-4F80-A844-8E8A5CE19DD1}.Debug|Any CPU.ActiveCfg = Debug|Any CPU
		{30A2BFAC-AC45-4F80-A844-8E8A5CE19DD1}.Debug|Any CPU.Build.0 = Debug|Any CPU
		{30A2BFAC-AC45-4F80-A844-8E8A5CE19DD1}.Release|Any CPU.ActiveCfg = Release|Any CPU
		{30A2BFAC-AC45-4F80-A844-8E8A5CE19DD1}.Release|Any CPU.Build.0 = Release|Any CPU
	EndGlobalSection
	GlobalSection(SolutionProperties) = preSolution
		HideSolutionNode = FALSE
	EndGlobalSection
	GlobalSection(ExtensibilityGlobals) = postSolution
		SolutionGuid = {C9332A2B-EDE7-4549-9C1C-4E8DD42071A9}
	EndGlobalSection
EndGlobal
